
Microsoft Visual Studio Solution File, Format Version 12.00
# Visual Studio Version 16
VisualStudioVersion = 25.0.1706.0
MinimumVisualStudioVersion = 10.0.40219.1
Project("{FAE04EC0-301F-11D3-BF4B-00C04F79EFBC}") = "Numbers-Game-Lab", "Numbers-Game-Lab\Numbers-Game-Lab.csproj", "{79224FDE-6CD3-4361-9F96-B5C63E4D64E1}"
EndProject
Global
	GlobalSection(SolutionConfigurationPlatforms) = preSolution
		Debug|Any CPU = Debug|Any CPU
		Release|Any CPU = Release|Any CPU
	EndGlobalSection
	GlobalSection(ProjectConfigurationPlatforms) = postSolution
		{79224FDE-6CD3-4361-9F96-B5C63E4D64E1}.Debug|Any CPU.ActiveCfg = Debug|Any CPU
		{79224FDE-6CD3-4361-9F96-B5C63E4D64E1}.Debug|Any CPU.Build.0 = Debug|Any CPU
		{79224FDE-6CD3-4361-9F96-B5C63E4D64E1}.Release|Any CPU.ActiveCfg = Release|Any CPU
		{79224FDE-6CD3-4361-9F96-B5C63E4D64E1}.Release|Any CPU.Build.0 = Release|Any CPU
	EndGlobalSection
	GlobalSection(SolutionProperties) = preSolution
		HideSolutionNode = FALSE
	EndGlobalSection
	GlobalSection(ExtensibilityGlobals) = postSolution
		SolutionGuid = {C1C8E193-182C-4835-9E25-7B25DAC27622}
	EndGlobalSection
EndGlobal
